
Microsoft Visual Studio Solution File, Format Version 12.00
# Visual Studio Version 16
VisualStudioVersion = 16.0.31729.503
MinimumVisualStudioVersion = 10.0.40219.1
Project("{FAE04EC0-301F-11D3-BF4B-00C04F79EFBC}") = "ThermO_App.Android", "ThermO_App\ThermO_App.Android\ThermO_App.Android.csproj", "{18E7668E-EF6C-477B-A9FF-1B6B0CEFD41F}"
EndProject
Project("{FAE04EC0-301F-11D3-BF4B-00C04F79EFBC}") = "ThermO_App.iOS", "ThermO_App\ThermO_App.iOS\ThermO_App.iOS.csproj", "{07884303-6EC5-4486-84B8-188F2255712A}"
EndProject
Project("{FAE04EC0-301F-11D3-BF4B-00C04F79EFBC}") = "ThermO_App", "ThermO_App\ThermO_App\ThermO_App.csproj", "{69DD3A68-605B-42B2-9839-4F81458A4A69}"
EndProject
Global
	GlobalSection(SolutionConfigurationPlatforms) = preSolution
		Debug|Any CPU = Debug|Any CPU
		Debug|iPhone = Debug|iPhone
		Debug|iPhoneSimulator = Debug|iPhoneSimulator
		Release|Any CPU = Release|Any CPU
		Release|iPhone = Release|iPhone
		Release|iPhoneSimulator = Release|iPhoneSimulator
	EndGlobalSection
	GlobalSection(ProjectConfigurationPlatforms) = postSolution
		{18E7668E-EF6C-477B-A9FF-1B6B0CEFD41F}.Debug|Any CPU.ActiveCfg = Debug|Any CPU
		{18E7668E-EF6C-477B-A9FF-1B6B0CEFD41F}.Debug|Any CPU.Build.0 = Debug|Any CPU
		{18E7668E-EF6C-477B-A9FF-1B6B0CEFD41F}.Debug|Any CPU.Deploy.0 = Debug|Any CPU
		{18E7668E-EF6C-477B-A9FF-1B6B0CEFD41F}.Debug|iPhone.ActiveCfg = Debug|Any CPU
		{18E7668E-EF6C-477B-A9FF-1B6B0CEFD41F}.Debug|iPhone.Build.0 = Debug|Any CPU
		{18E7668E-EF6C-477B-A9FF-1B6B0CEFD41F}.Debug|iPhone.Deploy.0 = Debug|Any CPU
		{18E7668E-EF6C-477B-A9FF-1B6B0CEFD41F}.Debug|iPhoneSimulator.ActiveCfg = Debug|Any CPU
		{18E7668E-EF6C-477B-A9FF-1B6B0CEFD41F}.Debug|iPhoneSimulator.Build.0 = Debug|Any CPU
		{18E7668E-EF6C-477B-A9FF-1B6B0CEFD41F}.Debug|iPhoneSimulator.Deploy.0 = Debug|Any CPU
		{18E7668E-EF6C-477B-A9FF-1B6B0CEFD41F}.Release|Any CPU.ActiveCfg = Release|Any CPU
		{18E7668E-EF6C-477B-A9FF-1B6B0CEFD41F}.Release|Any CPU.Build.0 = Release|Any CPU
		{18E7668E-EF6C-477B-A9FF-1B6B0CEFD41F}.Release|Any CPU.Deploy.0 = Release|Any CPU
		{18E7668E-EF6C-477B-A9FF-1B6B0CEFD41F}.Release|iPhone.ActiveCfg = Release|Any CPU
		{18E7668E-EF6C-477B-A9FF-1B6B0CEFD41F}.Release|iPhone.Build.0 = Release|Any CPU
		{18E7668E-EF6C-477B-A9FF-1B6B0CEFD41F}.Release|iPhone.Deploy.0 = Release|Any CPU
		{18E7668E-EF6C-477B-A9FF-1B6B0CEFD41F}.Release|iPhoneSimulator.ActiveCfg = Release|Any CPU
		{18E7668E-EF6C-477B-A9FF-1B6B0CEFD41F}.Release|iPhoneSimulator.Build.0 = Release|Any CPU
		{18E7668E-EF6C-477B-A9FF-1B6B0CEFD41F}.Release|iPhoneSimulator.Deploy.0 = Release|Any CPU
		{07884303-6EC5-4486-84B8-188F2255712A}.Debug|Any CPU.ActiveCfg = Debug|iPhone
		{07884303-6EC5-4486-84B8-188F2255712A}.Debug|Any CPU.Build.0 = Debug|iPhone
		{07884303-6EC5-4486-84B8-188F2255712A}.Debug|Any CPU.Deploy.0 = Debug|iPhone
		{07884303-6EC5-4486-84B8-188F2255712A}.Debug|iPhone.ActiveCfg = Debug|iPhone
		{07884303-6EC5-4486-84B8-188F2255712A}.Debug|iPhone.Build.0 = Debug|iPhone
		{07884303-6EC5-4486-84B8-188F2255712A}.Debug|iPhone.Deploy.0 = Debug|iPhone
		{07884303-6EC5-4486-84B8-188F2255712A}.Debug|iPhoneSimulator.ActiveCfg = Debug|iPhoneSimulator
		{07884303-6EC5-4486-84B8-188F2255712A}.Debug|iPhoneSimulator.Build.0 = Debug|iPhoneSimulator
		{07884303-6EC5-4486-84B8-188F2255712A}.Debug|iPhoneSimulator.Deploy.0 = Debug|iPhoneSimulator
		{07884303-6EC5-4486-84B8-188F2255712A}.Release|Any CPU.ActiveCfg = Release|iPhoneSimulator
		{07884303-6EC5-4486-84B8-188F2255712A}.Release|Any CPU.Build.0 = Release|iPhoneSimulator
		{07884303-6EC5-4486-84B8-188F2255712A}.Release|Any CPU.Deploy.0 = Release|iPhoneSimulator
		{07884303-6EC5-4486-84B8-188F2255712A}.Release|iPhone.ActiveCfg = Release|iPhone
		{07884303-6EC5-4486-84B8-188F2255712A}.Release|iPhone.Build.0 = Release|iPhone
		{07884303-6EC5-4486-84B8-188F2255712A}.Release|iPhone.Deploy.0 = Release|iPhone
		{07884303-6EC5-4486-84B8-188F2255712A}.Release|iPhoneSimulator.ActiveCfg = Release|iPhoneSimulator
		{07884303-6EC5-4486-84B8-188F2255712A}.Release|iPhoneSimulator.Build.0 = Release|iPhoneSimulator
		{07884303-6EC5-4486-84B8-188F2255712A}.Release|iPhoneSimulator.Deploy.0 = Release|iPhoneSimulator
		{69DD3A68-605B-42B2-9839-4F81458A4A69}.Debug|Any CPU.ActiveCfg = Debug|Any CPU
		{69DD3A68-605B-42B2-9839-4F81458A4A69}.Debug|Any CPU.Build.0 = Debug|Any CPU
		{69DD3A68-605B-42B2-9839-4F81458A4A69}.Debug|Any CPU.Deploy.0 = Debug|Any CPU
		{69DD3A68-605B-42B2-9839-4F81458A4A69}.Debug|iPhone.ActiveCfg = Debug|Any CPU
		{69DD3A68-605B-42B2-9839-4F81458A4A69}.Debug|iPhone.Build.0 = Debug|Any CPU
		{69DD3A68-605B-42B2-9839-4F81458A4A69}.Debug|iPhone.Deploy.0 = Debug|Any CPU
		{69DD3A68-605B-42B2-9839-4F81458A4A69}.Debug|iPhoneSimulator.ActiveCfg = Debug|Any CPU
		{69DD3A68-605B-42B2-9839-4F81458A4A69}.Debug|iPhoneSimulator.Build.0 = Debug|Any CPU
		{69DD3A68-605B-42B2-9839-4F81458A4A69}.Debug|iPhoneSimulator.Deploy.0 = Debug|Any CPU
		{69DD3A68-605B-42B2-9839-4F81458A4A69}.Release|Any CPU.ActiveCfg = Release|Any CPU
		{69DD3A68-605B-42B2-9839-4F81458A4A69}.Release|Any CPU.Build.0 = Release|Any CPU
		{69DD3A68-605B-42B2-9839-4F81458A4A69}.Release|Any CPU.Deploy.0 = Release|Any CPU
		{69DD3A68-605B-42B2-9839-4F81458A4A69}.Release|iPhone.ActiveCfg = Release|Any CPU
		{69DD3A68-605B-42B2-9839-4F81458A4A69}.Release|iPhone.Build.0 = Release|Any CPU
		{69DD3A68-605B-42B2-9839-4F81458A4A69}.Release|iPhone.Deploy.0 = Release|Any CPU
		{69DD3A68-605B-42B2-9839-4F81458A4A69}.Release|iPhoneSimulator.ActiveCfg = Release|Any CPU
		{69DD3A68-605B-42B2-9839-4F81458A4A69}.Release|iPhoneSimulator.Build.0 = Release|Any CPU
		{69DD3A68-605B-42B2-9839-4F81458A4A69}.Release|iPhoneSimulator.Deploy.0 = Release|Any CPU
	EndGlobalSection
	GlobalSection(SolutionProperties) = preSolution
		HideSolutionNode = FALSE
	EndGlobalSection
	GlobalSection(ExtensibilityGlobals) = postSolution
		SolutionGuid = {2D907EBF-98F0-40D5-A539-CF598F54DB37}
	EndGlobalSection
EndGlobal
